
Microsoft Visual Studio Solution File, Format Version 12.00
# Visual Studio Version 16
VisualStudioVersion = 16.0.30309.148
MinimumVisualStudioVersion = 10.0.40219.1
Project("{9A19103F-16F7-4668-BE54-9A1E7A4F7556}") = "Fluctuface", "Fluctuface\Fluctuface.csproj", "{7A41047B-B5B6-4C67-A748-51CDEE600610}"
EndProject
Project("{9A19103F-16F7-4668-BE54-9A1E7A4F7556}") = "Fluctuface.SampleApp", "Fluctuface.SampleApp\Fluctuface.SampleApp.csproj", "{E465769C-4611-4474-9C2A-D02C054FA487}"
EndProject
Global
	GlobalSection(SolutionConfigurationPlatforms) = preSolution
		Debug|Any CPU = Debug|Any CPU
		Release|Any CPU = Release|Any CPU
	EndGlobalSection
	GlobalSection(ProjectConfigurationPlatforms) = postSolution
		{7A41047B-B5B6-4C67-A748-51CDEE600610}.Debug|Any CPU.ActiveCfg = Debug|Any CPU
		{7A41047B-B5B6-4C67-A748-51CDEE600610}.Debug|Any CPU.Build.0 = Debug|Any CPU
		{7A41047B-B5B6-4C67-A748-51CDEE600610}.Release|Any CPU.ActiveCfg = Release|Any CPU
		{7A41047B-B5B6-4C67-A748-51CDEE600610}.Release|Any CPU.Build.0 = Release|Any CPU
		{E465769C-4611-4474-9C2A-D02C054FA487}.Debug|Any CPU.ActiveCfg = Debug|Any CPU
		{E465769C-4611-4474-9C2A-D02C054FA487}.Debug|Any CPU.Build.0 = Debug|Any CPU
		{E465769C-4611-4474-9C2A-D02C054FA487}.Release|Any CPU.ActiveCfg = Release|Any CPU
		{E465769C-4611-4474-9C2A-D02C054FA487}.Release|Any CPU.Build.0 = Release|Any CPU
	EndGlobalSection
	GlobalSection(SolutionProperties) = preSolution
		HideSolutionNode = FALSE
	EndGlobalSection
	GlobalSection(ExtensibilityGlobals) = postSolution
		SolutionGuid = {CC0395F6-D9E8-40D5-AC02-3F1285425D4B}
	EndGlobalSection
EndGlobal
