
Microsoft Visual Studio Solution File, Format Version 12.00
# Visual Studio Version 16
VisualStudioVersion = 16.0.30309.148
MinimumVisualStudioVersion = 10.0.40219.1
Project("{9A19103F-16F7-4668-BE54-9A1E7A4F7556}") = "FluctufaceTests", "FluctufaceTests\FluctufaceTests.csproj", "{E15E42D6-A708-425F-BE36-56E52E4FE4A3}"
EndProject
Project("{FAE04EC0-301F-11D3-BF4B-00C04F79EFBC}") = "Fluctuface.Client.iOS", "Fluctuface.Client\Fluctuface.Client.iOS\Fluctuface.Client.iOS.csproj", "{335F0C50-BA79-44BA-8568-16B05C3FE02C}"
EndProject
Project("{9A19103F-16F7-4668-BE54-9A1E7A4F7556}") = "Fluctuface.Client", "Fluctuface.Client\Fluctuface.Client\Fluctuface.Client.csproj", "{BD443567-4431-402D-8D1F-CE2D8FE91CF5}"
EndProject
Project("{9A19103F-16F7-4668-BE54-9A1E7A4F7556}") = "Fluctuface.Server", "Fluctuface.Server\Fluctuface.Server.csproj", "{2F4B6AEE-9E63-4F2F-B655-37008B6C678D}"
EndProject
Project("{9A19103F-16F7-4668-BE54-9A1E7A4F7556}") = "Fluctuface", "Fluctuface\Fluctuface.csproj", "{E3CE6DBF-6B5C-492B-853E-064A5983C316}"
EndProject
Project("{2150E333-8FDC-42A3-9474-1A3956D46DE8}") = "Solution Items", "Solution Items", "{90500049-965F-4312-8603-7D80A1CBC269}"
	ProjectSection(SolutionItems) = preProject
		README.md = README.md
	EndProjectSection
EndProject
Global
	GlobalSection(SolutionConfigurationPlatforms) = preSolution
		Debug|Any CPU = Debug|Any CPU
		Debug|iPhone = Debug|iPhone
		Debug|iPhoneSimulator = Debug|iPhoneSimulator
		Release|Any CPU = Release|Any CPU
		Release|iPhone = Release|iPhone
		Release|iPhoneSimulator = Release|iPhoneSimulator
	EndGlobalSection
	GlobalSection(ProjectConfigurationPlatforms) = postSolution
		{E15E42D6-A708-425F-BE36-56E52E4FE4A3}.Debug|Any CPU.ActiveCfg = Debug|Any CPU
		{E15E42D6-A708-425F-BE36-56E52E4FE4A3}.Debug|Any CPU.Build.0 = Debug|Any CPU
		{E15E42D6-A708-425F-BE36-56E52E4FE4A3}.Debug|iPhone.ActiveCfg = Debug|Any CPU
		{E15E42D6-A708-425F-BE36-56E52E4FE4A3}.Debug|iPhone.Build.0 = Debug|Any CPU
		{E15E42D6-A708-425F-BE36-56E52E4FE4A3}.Debug|iPhoneSimulator.ActiveCfg = Debug|Any CPU
		{E15E42D6-A708-425F-BE36-56E52E4FE4A3}.Debug|iPhoneSimulator.Build.0 = Debug|Any CPU
		{E15E42D6-A708-425F-BE36-56E52E4FE4A3}.Release|Any CPU.ActiveCfg = Release|Any CPU
		{E15E42D6-A708-425F-BE36-56E52E4FE4A3}.Release|Any CPU.Build.0 = Release|Any CPU
		{E15E42D6-A708-425F-BE36-56E52E4FE4A3}.Release|iPhone.ActiveCfg = Release|Any CPU
		{E15E42D6-A708-425F-BE36-56E52E4FE4A3}.Release|iPhone.Build.0 = Release|Any CPU
		{E15E42D6-A708-425F-BE36-56E52E4FE4A3}.Release|iPhoneSimulator.ActiveCfg = Release|Any CPU
		{E15E42D6-A708-425F-BE36-56E52E4FE4A3}.Release|iPhoneSimulator.Build.0 = Release|Any CPU
		{335F0C50-BA79-44BA-8568-16B05C3FE02C}.Debug|Any CPU.ActiveCfg = Debug|iPhone
		{335F0C50-BA79-44BA-8568-16B05C3FE02C}.Debug|iPhone.ActiveCfg = Debug|iPhone
		{335F0C50-BA79-44BA-8568-16B05C3FE02C}.Debug|iPhone.Build.0 = Debug|iPhone
		{335F0C50-BA79-44BA-8568-16B05C3FE02C}.Debug|iPhoneSimulator.ActiveCfg = Debug|iPhoneSimulator
		{335F0C50-BA79-44BA-8568-16B05C3FE02C}.Debug|iPhoneSimulator.Build.0 = Debug|iPhoneSimulator
		{335F0C50-BA79-44BA-8568-16B05C3FE02C}.Release|Any CPU.ActiveCfg = Release|iPhone
		{335F0C50-BA79-44BA-8568-16B05C3FE02C}.Release|iPhone.ActiveCfg = Release|iPhone
		{335F0C50-BA79-44BA-8568-16B05C3FE02C}.Release|iPhone.Build.0 = Release|iPhone
		{335F0C50-BA79-44BA-8568-16B05C3FE02C}.Release|iPhoneSimulator.ActiveCfg = Release|iPhoneSimulator
		{335F0C50-BA79-44BA-8568-16B05C3FE02C}.Release|iPhoneSimulator.Build.0 = Release|iPhoneSimulator
		{BD443567-4431-402D-8D1F-CE2D8FE91CF5}.Debug|Any CPU.ActiveCfg = Debug|Any CPU
		{BD443567-4431-402D-8D1F-CE2D8FE91CF5}.Debug|Any CPU.Build.0 = Debug|Any CPU
		{BD443567-4431-402D-8D1F-CE2D8FE91CF5}.Debug|iPhone.ActiveCfg = Debug|Any CPU
		{BD443567-4431-402D-8D1F-CE2D8FE91CF5}.Debug|iPhone.Build.0 = Debug|Any CPU
		{BD443567-4431-402D-8D1F-CE2D8FE91CF5}.Debug|iPhoneSimulator.ActiveCfg = Debug|Any CPU
		{BD443567-4431-402D-8D1F-CE2D8FE91CF5}.Debug|iPhoneSimulator.Build.0 = Debug|Any CPU
		{BD443567-4431-402D-8D1F-CE2D8FE91CF5}.Release|Any CPU.ActiveCfg = Release|Any CPU
		{BD443567-4431-402D-8D1F-CE2D8FE91CF5}.Release|Any CPU.Build.0 = Release|Any CPU
		{BD443567-4431-402D-8D1F-CE2D8FE91CF5}.Release|iPhone.ActiveCfg = Release|Any CPU
		{BD443567-4431-402D-8D1F-CE2D8FE91CF5}.Release|iPhone.Build.0 = Release|Any CPU
		{BD443567-4431-402D-8D1F-CE2D8FE91CF5}.Release|iPhoneSimulator.ActiveCfg = Release|Any CPU
		{BD443567-4431-402D-8D1F-CE2D8FE91CF5}.Release|iPhoneSimulator.Build.0 = Release|Any CPU
		{2F4B6AEE-9E63-4F2F-B655-37008B6C678D}.Debug|Any CPU.ActiveCfg = Debug|Any CPU
		{2F4B6AEE-9E63-4F2F-B655-37008B6C678D}.Debug|Any CPU.Build.0 = Debug|Any CPU
		{2F4B6AEE-9E63-4F2F-B655-37008B6C678D}.Debug|iPhone.ActiveCfg = Debug|Any CPU
		{2F4B6AEE-9E63-4F2F-B655-37008B6C678D}.Debug|iPhone.Build.0 = Debug|Any CPU
		{2F4B6AEE-9E63-4F2F-B655-37008B6C678D}.Debug|iPhoneSimulator.ActiveCfg = Debug|Any CPU
		{2F4B6AEE-9E63-4F2F-B655-37008B6C678D}.Debug|iPhoneSimulator.Build.0 = Debug|Any CPU
		{2F4B6AEE-9E63-4F2F-B655-37008B6C678D}.Release|Any CPU.ActiveCfg = Release|Any CPU
		{2F4B6AEE-9E63-4F2F-B655-37008B6C678D}.Release|Any CPU.Build.0 = Release|Any CPU
		{2F4B6AEE-9E63-4F2F-B655-37008B6C678D}.Release|iPhone.ActiveCfg = Release|Any CPU
		{2F4B6AEE-9E63-4F2F-B655-37008B6C678D}.Release|iPhone.Build.0 = Release|Any CPU
		{2F4B6AEE-9E63-4F2F-B655-37008B6C678D}.Release|iPhoneSimulator.ActiveCfg = Release|Any CPU
		{2F4B6AEE-9E63-4F2F-B655-37008B6C678D}.Release|iPhoneSimulator.Build.0 = Release|Any CPU
		{E3CE6DBF-6B5C-492B-853E-064A5983C316}.Debug|Any CPU.ActiveCfg = Debug|Any CPU
		{E3CE6DBF-6B5C-492B-853E-064A5983C316}.Debug|Any CPU.Build.0 = Debug|Any CPU
		{E3CE6DBF-6B5C-492B-853E-064A5983C316}.Debug|iPhone.ActiveCfg = Debug|Any CPU
		{E3CE6DBF-6B5C-492B-853E-064A5983C316}.Debug|iPhone.Build.0 = Debug|Any CPU
		{E3CE6DBF-6B5C-492B-853E-064A5983C316}.Debug|iPhoneSimulator.ActiveCfg = Debug|Any CPU
		{E3CE6DBF-6B5C-492B-853E-064A5983C316}.Debug|iPhoneSimulator.Build.0 = Debug|Any CPU
		{E3CE6DBF-6B5C-492B-853E-064A5983C316}.Release|Any CPU.ActiveCfg = Release|Any CPU
		{E3CE6DBF-6B5C-492B-853E-064A5983C316}.Release|Any CPU.Build.0 = Release|Any CPU
		{E3CE6DBF-6B5C-492B-853E-064A5983C316}.Release|iPhone.ActiveCfg = Release|Any CPU
		{E3CE6DBF-6B5C-492B-853E-064A5983C316}.Release|iPhone.Build.0 = Release|Any CPU
		{E3CE6DBF-6B5C-492B-853E-064A5983C316}.Release|iPhoneSimulator.ActiveCfg = Release|Any CPU
		{E3CE6DBF-6B5C-492B-853E-064A5983C316}.Release|iPhoneSimulator.Build.0 = Release|Any CPU
	EndGlobalSection
	GlobalSection(SolutionProperties) = preSolution
		HideSolutionNode = FALSE
	EndGlobalSection
	GlobalSection(ExtensibilityGlobals) = postSolution
		SolutionGuid = {95649901-58A3-4D38-B4D4-471D99189898}
	EndGlobalSection
EndGlobal
